
Microsoft Visual Studio Solution File, Format Version 12.00
# Visual Studio 15
Project("{FAE04EC0-301F-11D3-BF4B-00C04F79EFBC}") = "PhoneBookTestApplication", "PhoneBookTestApplication\PhoneBookTestApplication.csproj", "{99183F50-5E4A-48C7-9C33-4A7D417B7EAB}"
EndProject
Project("{2150E333-8FDC-42A3-9474-1A3956D46DE8}") = "Core", "Core", "{0BD47D48-2C41-4A2E-A623-BFFDB9E4CF4A}"
EndProject
Project("{2150E333-8FDC-42A3-9474-1A3956D46DE8}") = "UI", "UI", "{B062D939-7890-4516-8839-4FC1AE588011}"
EndProject
Project("{FAE04EC0-301F-11D3-BF4B-00C04F79EFBC}") = "PhoneBookTestApplication.ViewModels", "PhoneBookTestApplication.ViewModels\PhoneBookTestApplication.ViewModels.csproj", "{4349F0DB-81B1-4669-BF3D-C3F35199A282}"
EndProject
Project("{FAE04EC0-301F-11D3-BF4B-00C04F79EFBC}") = "PhoneBookTestApplication.Services", "PhoneBookTestApplication.Services\PhoneBookTestApplication.Services.csproj", "{36CB4F45-8020-444D-991C-5C4299820DEA}"
EndProject
Project("{FAE04EC0-301F-11D3-BF4B-00C04F79EFBC}") = "PhoneBookTestApplication.Models", "PhoneBookTestApplication.Models\PhoneBookTestApplication.Models.csproj", "{CFCFFAFF-8DF5-4620-A1FF-E63EAFD68224}"
EndProject
Global
	GlobalSection(SolutionConfigurationPlatforms) = preSolution
		Debug|Any CPU = Debug|Any CPU
		Release|Any CPU = Release|Any CPU
	EndGlobalSection
	GlobalSection(ProjectConfigurationPlatforms) = postSolution
		{99183F50-5E4A-48C7-9C33-4A7D417B7EAB}.Debug|Any CPU.ActiveCfg = Debug|Any CPU
		{99183F50-5E4A-48C7-9C33-4A7D417B7EAB}.Debug|Any CPU.Build.0 = Debug|Any CPU
		{99183F50-5E4A-48C7-9C33-4A7D417B7EAB}.Release|Any CPU.ActiveCfg = Release|Any CPU
		{99183F50-5E4A-48C7-9C33-4A7D417B7EAB}.Release|Any CPU.Build.0 = Release|Any CPU
		{4349F0DB-81B1-4669-BF3D-C3F35199A282}.Debug|Any CPU.ActiveCfg = Debug|Any CPU
		{4349F0DB-81B1-4669-BF3D-C3F35199A282}.Debug|Any CPU.Build.0 = Debug|Any CPU
		{4349F0DB-81B1-4669-BF3D-C3F35199A282}.Release|Any CPU.ActiveCfg = Release|Any CPU
		{4349F0DB-81B1-4669-BF3D-C3F35199A282}.Release|Any CPU.Build.0 = Release|Any CPU
		{36CB4F45-8020-444D-991C-5C4299820DEA}.Debug|Any CPU.ActiveCfg = Debug|Any CPU
		{36CB4F45-8020-444D-991C-5C4299820DEA}.Debug|Any CPU.Build.0 = Debug|Any CPU
		{36CB4F45-8020-444D-991C-5C4299820DEA}.Release|Any CPU.ActiveCfg = Release|Any CPU
		{36CB4F45-8020-444D-991C-5C4299820DEA}.Release|Any CPU.Build.0 = Release|Any CPU
		{CFCFFAFF-8DF5-4620-A1FF-E63EAFD68224}.Debug|Any CPU.ActiveCfg = Debug|Any CPU
		{CFCFFAFF-8DF5-4620-A1FF-E63EAFD68224}.Debug|Any CPU.Build.0 = Debug|Any CPU
		{CFCFFAFF-8DF5-4620-A1FF-E63EAFD68224}.Release|Any CPU.ActiveCfg = Release|Any CPU
		{CFCFFAFF-8DF5-4620-A1FF-E63EAFD68224}.Release|Any CPU.Build.0 = Release|Any CPU
	EndGlobalSection
	GlobalSection(NestedProjects) = preSolution
		{99183F50-5E4A-48C7-9C33-4A7D417B7EAB} = {B062D939-7890-4516-8839-4FC1AE588011}
		{4349F0DB-81B1-4669-BF3D-C3F35199A282} = {0BD47D48-2C41-4A2E-A623-BFFDB9E4CF4A}
		{36CB4F45-8020-444D-991C-5C4299820DEA} = {0BD47D48-2C41-4A2E-A623-BFFDB9E4CF4A}
		{CFCFFAFF-8DF5-4620-A1FF-E63EAFD68224} = {0BD47D48-2C41-4A2E-A623-BFFDB9E4CF4A}
	EndGlobalSection
EndGlobal
